
Microsoft Visual Studio Solution File, Format Version 12.00
# Visual Studio 15
VisualStudioVersion = 15.0.27130.2020
MinimumVisualStudioVersion = 10.0.40219.1
Project("{FAE04EC0-301F-11D3-BF4B-00C04F79EFBC}") = "dummyData", "dummyData\dummyData.csproj", "{66937783-FD83-4409-8017-F62C5806C353}"
EndProject
Global
	GlobalSection(SolutionConfigurationPlatforms) = preSolution
		Debug|Any CPU = Debug|Any CPU
		Release|Any CPU = Release|Any CPU
	EndGlobalSection
	GlobalSection(ProjectConfigurationPlatforms) = postSolution
		{66937783-FD83-4409-8017-F62C5806C353}.Debug|Any CPU.ActiveCfg = Debug|Any CPU
		{66937783-FD83-4409-8017-F62C5806C353}.Debug|Any CPU.Build.0 = Debug|Any CPU
		{66937783-FD83-4409-8017-F62C5806C353}.Release|Any CPU.ActiveCfg = Release|Any CPU
		{66937783-FD83-4409-8017-F62C5806C353}.Release|Any CPU.Build.0 = Release|Any CPU
	EndGlobalSection
	GlobalSection(SolutionProperties) = preSolution
		HideSolutionNode = FALSE
	EndGlobalSection
	GlobalSection(ExtensibilityGlobals) = postSolution
		SolutionGuid = {F2860644-CC08-4FAB-99A1-96D5E7117A34}
	EndGlobalSection
EndGlobal
