
Microsoft Visual Studio Solution File, Format Version 12.00
# Visual Studio 15
VisualStudioVersion = 15.0.27130.2010
MinimumVisualStudioVersion = 10.0.40219.1
Project("{FAE04EC0-301F-11D3-BF4B-00C04F79EFBC}") = "VMS", "VMS\VMS.csproj", "{DC1BA2D4-2561-4858-803D-FD5D6198AE5D}"
EndProject
Global
	GlobalSection(SolutionConfigurationPlatforms) = preSolution
		Debug|Any CPU = Debug|Any CPU
		Release|Any CPU = Release|Any CPU
	EndGlobalSection
	GlobalSection(ProjectConfigurationPlatforms) = postSolution
		{DC1BA2D4-2561-4858-803D-FD5D6198AE5D}.Debug|Any CPU.ActiveCfg = Debug|Any CPU
		{DC1BA2D4-2561-4858-803D-FD5D6198AE5D}.Debug|Any CPU.Build.0 = Debug|Any CPU
		{DC1BA2D4-2561-4858-803D-FD5D6198AE5D}.Release|Any CPU.ActiveCfg = Release|Any CPU
		{DC1BA2D4-2561-4858-803D-FD5D6198AE5D}.Release|Any CPU.Build.0 = Release|Any CPU
	EndGlobalSection
	GlobalSection(SolutionProperties) = preSolution
		HideSolutionNode = FALSE
	EndGlobalSection
	GlobalSection(ExtensibilityGlobals) = postSolution
		SolutionGuid = {F4A506FA-2753-48AD-B94B-15AE96F923CB}
	EndGlobalSection
EndGlobal
