
Microsoft Visual Studio Solution File, Format Version 12.00
# Visual Studio 15
VisualStudioVersion = 15.0.27130.2010
MinimumVisualStudioVersion = 10.0.40219.1
Project("{FAE04EC0-301F-11D3-BF4B-00C04F79EFBC}") = "VMS", "VMS\VMS.csproj", "{183EFB9C-3668-4E23-BD4D-FA2BA8A2766F}"
EndProject
Global
	GlobalSection(SolutionConfigurationPlatforms) = preSolution
		Debug|Any CPU = Debug|Any CPU
		Release|Any CPU = Release|Any CPU
	EndGlobalSection
	GlobalSection(ProjectConfigurationPlatforms) = postSolution
		{183EFB9C-3668-4E23-BD4D-FA2BA8A2766F}.Debug|Any CPU.ActiveCfg = Debug|Any CPU
		{183EFB9C-3668-4E23-BD4D-FA2BA8A2766F}.Debug|Any CPU.Build.0 = Debug|Any CPU
		{183EFB9C-3668-4E23-BD4D-FA2BA8A2766F}.Release|Any CPU.ActiveCfg = Release|Any CPU
		{183EFB9C-3668-4E23-BD4D-FA2BA8A2766F}.Release|Any CPU.Build.0 = Release|Any CPU
	EndGlobalSection
	GlobalSection(SolutionProperties) = preSolution
		HideSolutionNode = FALSE
	EndGlobalSection
	GlobalSection(ExtensibilityGlobals) = postSolution
		SolutionGuid = {7F849327-80B1-4A0E-92B6-F96E8308E048}
	EndGlobalSection
EndGlobal
